
Microsoft Visual Studio Solution File, Format Version 12.00
# Visual Studio Version 16
VisualStudioVersion = 16.0.31729.503
MinimumVisualStudioVersion = 10.0.40219.1
Project("{FAE04EC0-301F-11D3-BF4B-00C04F79EFBC}") = "UserPrefs.WebUI", "UserPrefs.WebUI\UserPrefs.WebUI.csproj", "{A3C67470-D464-472B-854D-8C5AE29679F0}"
EndProject
Project("{FAE04EC0-301F-11D3-BF4B-00C04F79EFBC}") = "UserPrefs.Application", "UserPrefs.Application\UserPrefs.Application.csproj", "{AA7D3BE3-A329-4902-9E7E-E41201571680}"
EndProject
Global
	GlobalSection(SolutionConfigurationPlatforms) = preSolution
		Debug|Any CPU = Debug|Any CPU
		Release|Any CPU = Release|Any CPU
	EndGlobalSection
	GlobalSection(ProjectConfigurationPlatforms) = postSolution
		{A3C67470-D464-472B-854D-8C5AE29679F0}.Debug|Any CPU.ActiveCfg = Debug|Any CPU
		{A3C67470-D464-472B-854D-8C5AE29679F0}.Debug|Any CPU.Build.0 = Debug|Any CPU
		{A3C67470-D464-472B-854D-8C5AE29679F0}.Release|Any CPU.ActiveCfg = Release|Any CPU
		{A3C67470-D464-472B-854D-8C5AE29679F0}.Release|Any CPU.Build.0 = Release|Any CPU
		{AA7D3BE3-A329-4902-9E7E-E41201571680}.Debug|Any CPU.ActiveCfg = Debug|Any CPU
		{AA7D3BE3-A329-4902-9E7E-E41201571680}.Debug|Any CPU.Build.0 = Debug|Any CPU
		{AA7D3BE3-A329-4902-9E7E-E41201571680}.Release|Any CPU.ActiveCfg = Release|Any CPU
		{AA7D3BE3-A329-4902-9E7E-E41201571680}.Release|Any CPU.Build.0 = Release|Any CPU
	EndGlobalSection
	GlobalSection(SolutionProperties) = preSolution
		HideSolutionNode = FALSE
	EndGlobalSection
	GlobalSection(ExtensibilityGlobals) = postSolution
		SolutionGuid = {0C4852E2-06CA-415A-9E50-F1590A62E12E}
	EndGlobalSection
EndGlobal
